// !$*UTF8*$!
{
	archiveVersion = 1;
	classes = {
	};
	objectVersion = 48;
	objects = {

/* Begin PBXBuildFile section */
		1B34C90B1F17BA7A00D41475 /* AppDelegate.swift in Sources */ = {isa = PBXBuildFile; fileRef = 1B34C90A1F17BA7A00D41475 /* AppDelegate.swift */; };
		1B34C90D1F17BA7A00D41475 /* ViewController.swift in Sources */ = {isa = PBXBuildFile; fileRef = 1B34C90C1F17BA7A00D41475 /* ViewController.swift */; };
		1B34C9101F17BA7A00D41475 /* Main.storyboard in Resources */ = {isa = PBXBuildFile; fileRef = 1B34C90E1F17BA7A00D41475 /* Main.storyboard */; };
		1B34C9121F17BA7A00D41475 /* Assets.xcassets in Resources */ = {isa = PBXBuildFile; fileRef = 1B34C9111F17BA7A00D41475 /* Assets.xcassets */; };
		1B34C9151F17BA7A00D41475 /* LaunchScreen.storyboard in Resources */ = {isa = PBXBuildFile; fileRef = 1B34C9131F17BA7A00D41475 /* LaunchScreen.storyboard */; };
		1B34C91D1F17BA8800D41475 /* Podfile in Resources */ = {isa = PBXBuildFile; fileRef = 1B34C91C1F17BA8800D41475 /* Podfile */; };
		2BD7CC8BCFA62659615F6B96 /* Pods_CanvasPrototype.framework in Frameworks */ = {isa = PBXBuildFile; fileRef = 672C67C0024C867CE761529F /* Pods_CanvasPrototype.framework */; };
/* End PBXBuildFile section */

/* Begin PBXFileReference section */
		1B34C9071F17BA7A00D41475 /* CanvasPrototype.app */ = {isa = PBXFileReference; explicitFileType = wrapper.application; includeInIndex = 0; path = CanvasPrototype.app; sourceTree = BUILT_PRODUCTS_DIR; };
		1B34C90A1F17BA7A00D41475 /* AppDelegate.swift */ = {isa = PBXFileReference; lastKnownFileType = sourcecode.swift; path = AppDelegate.swift; sourceTree = "<group>"; };
		1B34C90C1F17BA7A00D41475 /* ViewController.swift */ = {isa = PBXFileReference; lastKnownFileType = sourcecode.swift; path = ViewController.swift; sourceTree = "<group>"; };
		1B34C90F1F17BA7A00D41475 /* Base */ = {isa = PBXFileReference; lastKnownFileType = file.storyboard; name = Base; path = Base.lproj/Main.storyboard; sourceTree = "<group>"; };
		1B34C9111F17BA7A00D41475 /* Assets.xcassets */ = {isa = PBXFileReference; lastKnownFileType = folder.assetcatalog; path = Assets.xcassets; sourceTree = "<group>"; };
		1B34C9141F17BA7A00D41475 /* Base */ = {isa = PBXFileReference; lastKnownFileType = file.storyboard; name = Base; path = Base.lproj/LaunchScreen.storyboard; sourceTree = "<group>"; };
		1B34C9161F17BA7A00D41475 /* Info.plist */ = {isa = PBXFileReference; lastKnownFileType = text.plist.xml; path = Info.plist; sourceTree = "<group>"; };
		1B34C91C1F17BA8800D41475 /* Podfile */ = {isa = PBXFileReference; lastKnownFileType = text; path = Podfile; sourceTree = "<group>"; xcLanguageSpecificationIdentifier = xcode.lang.ruby; };
		672C67C0024C867CE761529F /* Pods_CanvasPrototype.framework */ = {isa = PBXFileReference; explicitFileType = wrapper.framework; includeInIndex = 0; path = Pods_CanvasPrototype.framework; sourceTree = BUILT_PRODUCTS_DIR; };
		8561F5888F9D738A73D65F60 /* Pods-CanvasPrototype.debug.xcconfig */ = {isa = PBXFileReference; includeInIndex = 1; lastKnownFileType = text.xcconfig; name = "Pods-CanvasPrototype.debug.xcconfig"; path = "Pods/Target Support Files/Pods-CanvasPrototype/Pods-CanvasPrototype.debug.xcconfig"; sourceTree = "<group>"; };
		A058BD5158847421F4A27F61 /* Pods-CanvasPrototype.release.xcconfig */ = {isa = PBXFileReference; includeInIndex = 1; lastKnownFileType = text.xcconfig; name = "Pods-CanvasPrototype.release.xcconfig"; path = "Pods/Target Support Files/Pods-CanvasPrototype/Pods-CanvasPrototype.release.xcconfig"; sourceTree = "<group>"; };
/* End PBXFileReference section */

/* Begin PBXFrameworksBuildPhase section */
		1B34C9041F17BA7A00D41475 /* Frameworks */ = {
			isa = PBXFrameworksBuildPhase;
			buildActionMask = 2147483647;
			files = (
				2BD7CC8BCFA62659615F6B96 /* Pods_CanvasPrototype.framework in Frameworks */,
			);
			runOnlyForDeploymentPostprocessing = 0;
		};
/* End PBXFrameworksBuildPhase section */

/* Begin PBXGroup section */
		059EF4AC2DDE50A32EC31EF0 /* Frameworks */ = {
			isa = PBXGroup;
			children = (
				672C67C0024C867CE761529F /* Pods_CanvasPrototype.framework */,
			);
			name = Frameworks;
			sourceTree = "<group>";
		};
		063F6BFC3682C97C3AB55DBC /* Pods */ = {
			isa = PBXGroup;
			children = (
				8561F5888F9D738A73D65F60 /* Pods-CanvasPrototype.debug.xcconfig */,
				A058BD5158847421F4A27F61 /* Pods-CanvasPrototype.release.xcconfig */,
			);
			name = Pods;
			sourceTree = "<group>";
		};
		1B34C8FE1F17BA7A00D41475 = {
			isa = PBXGroup;
			children = (
				1B34C91C1F17BA8800D41475 /* Podfile */,
				1B34C9091F17BA7A00D41475 /* CanvasPrototype */,
				1B34C9081F17BA7A00D41475 /* Products */,
				063F6BFC3682C97C3AB55DBC /* Pods */,
				059EF4AC2DDE50A32EC31EF0 /* Frameworks */,
			);
			sourceTree = "<group>";
		};
		1B34C9081F17BA7A00D41475 /* Products */ = {
			isa = PBXGroup;
			children = (
				1B34C9071F17BA7A00D41475 /* CanvasPrototype.app */,
			);
			name = Products;
			sourceTree = "<group>";
		};
		1B34C9091F17BA7A00D41475 /* CanvasPrototype */ = {
			isa = PBXGroup;
			children = (
				1B34C90A1F17BA7A00D41475 /* AppDelegate.swift */,
				1B34C90C1F17BA7A00D41475 /* ViewController.swift */,
				1B34C90E1F17BA7A00D41475 /* Main.storyboard */,
				1B34C9111F17BA7A00D41475 /* Assets.xcassets */,
				1B34C9131F17BA7A00D41475 /* LaunchScreen.storyboard */,
				1B34C9161F17BA7A00D41475 /* Info.plist */,
			);
			path = CanvasPrototype;
			sourceTree = "<group>";
		};
/* End PBXGroup section */

/* Begin PBXNativeTarget section */
		1B34C9061F17BA7A00D41475 /* CanvasPrototype */ = {
			isa = PBXNativeTarget;
			buildConfigurationList = 1B34C9191F17BA7A00D41475 /* Build configuration list for PBXNativeTarget "CanvasPrototype" */;
			buildPhases = (
				38C1832D03A851FE89A2A046 /* [CP] Check Pods Manifest.lock */,
				1B34C9031F17BA7A00D41475 /* Sources */,
				1B34C9041F17BA7A00D41475 /* Frameworks */,
				1B34C9051F17BA7A00D41475 /* Resources */,
				EBDCCAADD931D96B0233B6E7 /* [CP] Embed Pods Frameworks */,
				2DC1F9BDE4EA77653AAA49D5 /* [CP] Copy Pods Resources */,
			);
			buildRules = (
			);
			dependencies = (
			);
			name = CanvasPrototype;
			productName = CanvasPrototype;
			productReference = 1B34C9071F17BA7A00D41475 /* CanvasPrototype.app */;
			productType = "com.apple.product-type.application";
		};
/* End PBXNativeTarget section */

/* Begin PBXProject section */
		1B34C8FF1F17BA7A00D41475 /* Project object */ = {
			isa = PBXProject;
			attributes = {
				LastSwiftUpdateCheck = 0900;
				LastUpgradeCheck = 0900;
				ORGANIZATIONNAME = "Richard E Pitts";
				TargetAttributes = {
					1B34C9061F17BA7A00D41475 = {
						CreatedOnToolsVersion = 9.0;
					};
				};
			};
			buildConfigurationList = 1B34C9021F17BA7A00D41475 /* Build configuration list for PBXProject "CanvasPrototype" */;
			compatibilityVersion = "Xcode 8.0";
			developmentRegion = en;
			hasScannedForEncodings = 0;
			knownRegions = (
				en,
				Base,
			);
			mainGroup = 1B34C8FE1F17BA7A00D41475;
			productRefGroup = 1B34C9081F17BA7A00D41475 /* Products */;
			projectDirPath = "";
			projectRoot = "";
			targets = (
				1B34C9061F17BA7A00D41475 /* CanvasPrototype */,
			);
		};
/* End PBXProject section */

/* Begin PBXResourcesBuildPhase section */
		1B34C9051F17BA7A00D41475 /* Resources */ = {
			isa = PBXResourcesBuildPhase;
			buildActionMask = 2147483647;
			files = (
				1B34C9151F17BA7A00D41475 /* LaunchScreen.storyboard in Resources */,
				1B34C9121F17BA7A00D41475 /* Assets.xcassets in Resources */,
				1B34C91D1F17BA8800D41475 /* Podfile in Resources */,
				1B34C9101F17BA7A00D41475 /* Main.storyboard in Resources */,
			);
			runOnlyForDeploymentPostprocessing = 0;
		};
/* End PBXResourcesBuildPhase section */

/* Begin PBXShellScriptBuildPhase section */
		2DC1F9BDE4EA77653AAA49D5 /* [CP] Copy Pods Resources */ = {
			isa = PBXShellScriptBuildPhase;
			buildActionMask = 2147483647;
			files = (
			);
			inputPaths = (
			);
			name = "[CP] Copy Pods Resources";
			outputPaths = (
			);
			runOnlyForDeploymentPostprocessing = 0;
			shellPath = /bin/sh;
			shellScript = "\"${SRCROOT}/Pods/Target Support Files/Pods-CanvasPrototype/Pods-CanvasPrototype-resources.sh\"\n";
			showEnvVarsInLog = 0;
		};
		38C1832D03A851FE89A2A046 /* [CP] Check Pods Manifest.lock */ = {
			isa = PBXShellScriptBuildPhase;
			buildActionMask = 2147483647;
			files = (
			);
			inputPaths = (
			);
			name = "[CP] Check Pods Manifest.lock";
			outputPaths = (
			);
			runOnlyForDeploymentPostprocessing = 0;
			shellPath = /bin/sh;
			shellScript = "diff \"${PODS_ROOT}/../Podfile.lock\" \"${PODS_ROOT}/Manifest.lock\" > /dev/null\nif [ $? != 0 ] ; then\n    # print error to STDERR\n    echo \"error: The sandbox is not in sync with the Podfile.lock. Run 'pod install' or update your CocoaPods installation.\" >&2\n    exit 1\nfi\n";
			showEnvVarsInLog = 0;
		};
		EBDCCAADD931D96B0233B6E7 /* [CP] Embed Pods Frameworks */ = {
			isa = PBXShellScriptBuildPhase;
			buildActionMask = 2147483647;
			files = (
			);
			inputPaths = (
			);
			name = "[CP] Embed Pods Frameworks";
			outputPaths = (
			);
			runOnlyForDeploymentPostprocessing = 0;
			shellPath = /bin/sh;
			shellScript = "\"${SRCROOT}/Pods/Target Support Files/Pods-CanvasPrototype/Pods-CanvasPrototype-frameworks.sh\"\n";
			showEnvVarsInLog = 0;
		};
/* End PBXShellScriptBuildPhase section */

/* Begin PBXSourcesBuildPhase section */
		1B34C9031F17BA7A00D41475 /* Sources */ = {
			isa = PBXSourcesBuildPhase;
			buildActionMask = 2147483647;
			files = (
				1B34C90D1F17BA7A00D41475 /* ViewController.swift in Sources */,
				1B34C90B1F17BA7A00D41475 /* AppDelegate.swift in Sources */,
			);
			runOnlyForDeploymentPostprocessing = 0;
		};
/* End PBXSourcesBuildPhase section */

/* Begin PBXVariantGroup section */
		1B34C90E1F17BA7A00D41475 /* Main.storyboard */ = {
			isa = PBXVariantGroup;
			children = (
				1B34C90F1F17BA7A00D41475 /* Base */,
			);
			name = Main.storyboard;
			sourceTree = "<group>";
		};
		1B34C9131F17BA7A00D41475 /* LaunchScreen.storyboard */ = {
			isa = PBXVariantGroup;
			children = (
				1B34C9141F17BA7A00D41475 /* Base */,
			);
			name = LaunchScreen.storyboard;
			sourceTree = "<group>";
		};
/* End PBXVariantGroup section */

/* Begin XCBuildConfiguration section */
		1B34C9171F17BA7A00D41475 /* Debug */ = {
			isa = XCBuildConfiguration;
			buildSettings = {
				ALWAYS_SEARCH_USER_PATHS = NO;
				CLANG_ANALYZER_NONNULL = YES;
				CLANG_ANALYZER_NUMBER_OBJECT_CONVERSION = YES_AGGRESSIVE;
				CLANG_CXX_LANGUAGE_STANDARD = "gnu++14";
				CLANG_CXX_LIBRARY = "libc++";
				CLANG_ENABLE_MODULES = YES;
				CLANG_ENABLE_OBJC_ARC = YES;
				CLANG_WARN_BLOCK_CAPTURE_AUTORELEASING = YES;
				CLANG_WARN_BOOL_CONVERSION = YES;
				CLANG_WARN_COMMA = YES;
				CLANG_WARN_CONSTANT_CONVERSION = YES;
				CLANG_WARN_DIRECT_OBJC_ISA_USAGE = YES_ERROR;
				CLANG_WARN_DOCUMENTATION_COMMENTS = YES;
				CLANG_WARN_EMPTY_BODY = YES;
				CLANG_WARN_ENUM_CONVERSION = YES;
				CLANG_WARN_INFINITE_RECURSION = YES;
				CLANG_WARN_INT_CONVERSION = YES;
				CLANG_WARN_OBJC_ROOT_CLASS = YES_ERROR;
				CLANG_WARN_RANGE_LOOP_ANALYSIS = YES;
				CLANG_WARN_STRICT_PROTOTYPES = YES;
				CLANG_WARN_SUSPICIOUS_MOVE = YES;
				CLANG_WARN_UNGUARDED_AVAILABILITY = YES_AGGRESSIVE;
				CLANG_WARN_UNREACHABLE_CODE = YES;
				CLANG_WARN__DUPLICATE_METHOD_MATCH = YES;
				CODE_SIGN_IDENTITY = "iPhone Developer";
				COPY_PHASE_STRIP = NO;
				DEBUG_INFORMATION_FORMAT = dwarf;
				ENABLE_STRICT_OBJC_MSGSEND = YES;
				ENABLE_TESTABILITY = YES;
				GCC_C_LANGUAGE_STANDARD = gnu11;
				GCC_DYNAMIC_NO_PIC = NO;
				GCC_NO_COMMON_BLOCKS = YES;
				GCC_OPTIMIZATION_LEVEL = 0;
				GCC_PREPROCESSOR_DEFINITIONS = (
					"DEBUG=1",
					"$(inherited)",
				);
				GCC_WARN_64_TO_32_BIT_CONVERSION = YES;
				GCC_WARN_ABOUT_RETURN_TYPE = YES_ERROR;
				GCC_WARN_UNDECLARED_SELECTOR = YES;
				GCC_WARN_UNINITIALIZED_AUTOS = YES_AGGRESSIVE;
				GCC_WARN_UNUSED_FUNCTION = YES;
				GCC_WARN_UNUSED_VARIABLE = YES;
				IPHONEOS_DEPLOYMENT_TARGET = 11.0;
				MTL_ENABLE_DEBUG_INFO = YES;
				ONLY_ACTIVE_ARCH = YES;
				SDKROOT = iphoneos;
				SWIFT_ACTIVE_COMPILATION_CONDITIONS = DEBUG;
				SWIFT_OPTIMIZATION_LEVEL = "-Onone";
			};
			name = Debug;
		};
		1B34C9181F17BA7A00D41475 /* Release */ = {
			isa = XCBuildConfiguration;
			buildSettings = {
				ALWAYS_SEARCH_USER_PATHS = NO;
				CLANG_ANALYZER_NONNULL = YES;
				CLANG_ANALYZER_NUMBER_OBJECT_CONVERSION = YES_AGGRESSIVE;
				CLANG_CXX_LANGUAGE_STANDARD = "gnu++14";
				CLANG_CXX_LIBRARY = "libc++";
				CLANG_ENABLE_MODULES = YES;
				CLANG_ENABLE_OBJC_ARC = YES;
				CLANG_WARN_BLOCK_CAPTURE_AUTORELEASING = YES;
				CLANG_WARN_BOOL_CONVERSION = YES;
				CLANG_WARN_COMMA = YES;
				CLANG_WARN_CONSTANT_CONVERSION = YES;
				CLANG_WARN_DIRECT_OBJC_ISA_USAGE = YES_ERROR;
				CLANG_WARN_DOCUMENTATION_COMMENTS = YES;
				CLANG_WARN_EMPTY_BODY = YES;
				CLANG_WARN_ENUM_CONVERSION = YES;
				CLANG_WARN_INFINITE_RECURSION = YES;
				CLANG_WARN_INT_CONVERSION = YES;
				CLANG_WARN_OBJC_ROOT_CLASS = YES_ERROR;
				CLANG_WARN_RANGE_LOOP_ANALYSIS = YES;
				CLANG_WARN_STRICT_PROTOTYPES = YES;
				CLANG_WARN_SUSPICIOUS_MOVE = YES;
				CLANG_WARN_UNGUARDED_AVAILABILITY = YES_AGGRESSIVE;
				CLANG_WARN_UNREACHABLE_CODE = YES;
				CLANG_WARN__DUPLICATE_METHOD_MATCH = YES;
				CODE_SIGN_IDENTITY = "iPhone Developer";
				COPY_PHASE_STRIP = NO;
				DEBUG_INFORMATION_FORMAT = "dwarf-with-dsym";
				ENABLE_NS_ASSERTIONS = NO;
				ENABLE_STRICT_OBJC_MSGSEND = YES;
				GCC_C_LANGUAGE_STANDARD = gnu11;
				GCC_NO_COMMON_BLOCKS = YES;
				GCC_WARN_64_TO_32_BIT_CONVERSION = YES;
				GCC_WARN_ABOUT_RETURN_TYPE = YES_ERROR;
				GCC_WARN_UNDECLARED_SELECTOR = YES;
				GCC_WARN_UNINITIALIZED_AUTOS = YES_AGGRESSIVE;
				GCC_WARN_UNUSED_FUNCTION = YES;
				GCC_WARN_UNUSED_VARIABLE = YES;
				IPHONEOS_DEPLOYMENT_TARGET = 11.0;
				MTL_ENABLE_DEBUG_INFO = NO;
				SDKROOT = iphoneos;
				SWIFT_OPTIMIZATION_LEVEL = "-Owholemodule";
				VALIDATE_PRODUCT = YES;
			};
			name = Release;
		};
		1B34C91A1F17BA7A00D41475 /* Debug */ = {
			isa = XCBuildConfiguration;
			baseConfigurationReference = 8561F5888F9D738A73D65F60 /* Pods-CanvasPrototype.debug.xcconfig */;
			buildSettings = {
				ASSETCATALOG_COMPILER_APPICON_NAME = AppIcon;
				DEVELOPMENT_TEAM = K967ZN2579;
				INFOPLIST_FILE = CanvasPrototype/Info.plist;
				LD_RUNPATH_SEARCH_PATHS = "$(inherited) @executable_path/Frameworks";
				PRODUCT_BUNDLE_IDENTIFIER = com.RichardEPitts.CanvasPrototype;
				PRODUCT_NAME = "$(TARGET_NAME)";
				SWIFT_VERSION = 4.0;
				TARGETED_DEVICE_FAMILY = "1,2";
			};
			name = Debug;
		};
		1B34C91B1F17BA7A00D41475 /* Release */ = {
			isa = XCBuildConfiguration;
			baseConfigurationReference = A058BD5158847421F4A27F61 /* Pods-CanvasPrototype.release.xcconfig */;
			buildSettings = {
				ASSETCATALOG_COMPILER_APPICON_NAME = AppIcon;
				DEVELOPMENT_TEAM = K967ZN2579;
				INFOPLIST_FILE = CanvasPrototype/Info.plist;
				LD_RUNPATH_SEARCH_PATHS = "$(inherited) @executable_path/Frameworks";
				PRODUCT_BUNDLE_IDENTIFIER = com.RichardEPitts.CanvasPrototype;
				PRODUCT_NAME = "$(TARGET_NAME)";
				SWIFT_VERSION = 4.0;
				TARGETED_DEVICE_FAMILY = "1,2";
			};
			name = Release;
		};
/* End XCBuildConfiguration section */

/* Begin XCConfigurationList section */
		1B34C9021F17BA7A00D41475 /* Build configuration list for PBXProject "CanvasPrototype" */ = {
			isa = XCConfigurationList;
			buildConfigurations = (
				1B34C9171F17BA7A00D41475 /* Debug */,
				1B34C9181F17BA7A00D41475 /* Release */,
			);
			defaultConfigurationIsVisible = 0;
			defaultConfigurationName = Release;
		};
		1B34C9191F17BA7A00D41475 /* Build configuration list for PBXNativeTarget "CanvasPrototype" */ = {
			isa = XCConfigurationList;
			buildConfigurations = (
				1B34C91A1F17BA7A00D41475 /* Debug */,
				1B34C91B1F17BA7A00D41475 /* Release */,
			);
			defaultConfigurationIsVisible = 0;
			defaultConfigurationName = Release;
		};
/* End XCConfigurationList section */
	};
	rootObject = 1B34C8FF1F17BA7A00D41475 /* Project object */;
}
